<?xml version="1.0" encoding="utf-8"?>
<Project ToolsVersion="4.0" xmlns="http://schemas.microsoft.com/developer/msbuild/2003">
  <ItemGroup>
    <Filter Include="Kernel">
      <UniqueIdentifier>{8fe8457f-f16c-4029-8cd7-2a4a614f0f47}</UniqueIdentifier>
    </Filter>
    <Filter Include="Core">
      <UniqueIdentifier>{6708ded4-71a8-4a03-aa75-959e73754e0d}</UniqueIdentifier>
    </Filter>
    <Filter Include="Core\memory">
      <UniqueIdentifier>{8683057b-b7d2-489c-a077-201ff5ebaf94}</UniqueIdentifier>
    </Filter>
    <Filter Include="Details">
      <UniqueIdentifier>{722f25c1-6e76-4ee4-bad0-69fdb696d865}</UniqueIdentifier>
    </Filter>
    <Filter Include="Stripifier">
      <UniqueIdentifier>{f173d666-56e5-4be2-b7f0-caf144dc4058}</UniqueIdentifier>
    </Filter>
    <Filter Include="Glows">
      <UniqueIdentifier>{5f335506-b099-416d-afb1-c27875ef23bc}</UniqueIdentifier>
    </Filter>
    <Filter Include="Wallmarks">
      <UniqueIdentifier>{f9533f65-0e5c-416f-91a7-9f464343e49a}</UniqueIdentifier>
    </Filter>
    <Filter Include="Shading templates">
      <UniqueIdentifier>{7f7f37a1-0eeb-4ae7-ab67-61bbae60e065}</UniqueIdentifier>
    </Filter>
    <Filter Include="Models">
      <UniqueIdentifier>{c2b3a1ac-1b6a-46dc-9561-2b36a23fa55a}</UniqueIdentifier>
    </Filter>
    <Filter Include="Models\Visuals">
      <UniqueIdentifier>{fd89ae6d-af51-4058-b301-faf1bd7da547}</UniqueIdentifier>
    </Filter>
    <Filter Include="Visibility">
      <UniqueIdentifier>{484e7037-0b70-4c53-bd77-ec9c16838f54}</UniqueIdentifier>
    </Filter>
    <Filter Include="Visibility\Sector/Portal">
      <UniqueIdentifier>{ed985b00-d344-450f-a7b4-d332c32a6490}</UniqueIdentifier>
    </Filter>
    <Filter Include="Visibility\HOM Occlusion">
      <UniqueIdentifier>{bed6584b-dfd8-4a4f-90e6-8908bee70ee5}</UniqueIdentifier>
    </Filter>
    <Filter Include="Lights">
      <UniqueIdentifier>{c03b53f9-e29a-434c-ad68-3c86b1de488e}</UniqueIdentifier>
    </Filter>
    <Filter Include="Interfase implementations">
      <UniqueIdentifier>{e997fcdf-37d5-483c-9823-122121186f8e}</UniqueIdentifier>
    </Filter>
    <Filter Include="Interfase implementations\RenderFactory">
      <UniqueIdentifier>{6a31290b-a3c8-4cb5-81e2-a3dd8d3d942a}</UniqueIdentifier>
    </Filter>
    <Filter Include="Interfase implementations\LensFlare">
      <UniqueIdentifier>{a8839e5c-936f-489a-b098-2a3a43d8c5d3}</UniqueIdentifier>
    </Filter>
    <Filter Include="Interfase implementations\FactoryPtr">
      <UniqueIdentifier>{d43b086d-cea7-486a-bce6-8bfe912718d2}</UniqueIdentifier>
    </Filter>
    <Filter Include="Interfase implementations\ApplicationRender">
      <UniqueIdentifier>{564be7a6-e4c2-4a3b-8cd9-8fabd0a4a866}</UniqueIdentifier>
    </Filter>
    <Filter Include="Interfase implementations\RainRender">
      <UniqueIdentifier>{e813fe64-b39c-4b4f-b2e6-4a0eb56bce5c}</UniqueIdentifier>
    </Filter>
    <Filter Include="Interfase implementations\ThunderboltRender">
      <UniqueIdentifier>{98decabc-9ca7-4783-a119-95d9cf191e1f}</UniqueIdentifier>
    </Filter>
    <Filter Include="Interfase implementations\EnvironmentRender">
      <UniqueIdentifier>{58fec6fe-a0e0-41cf-9767-53b41e97296e}</UniqueIdentifier>
    </Filter>
    <Filter Include="Interfase implementations\RenderDeviceRender">
      <UniqueIdentifier>{b5d5e97b-f3ab-4000-b85e-5779fbcd0dfd}</UniqueIdentifier>
    </Filter>
    <Filter Include="Interfase implementations\ConsoleRender">
      <UniqueIdentifier>{e0d6e946-2d0e-4b47-ad44-fdeade2ed1c6}</UniqueIdentifier>
    </Filter>
    <Filter Include="Interfase implementations\ObjectSpaceRender">
      <UniqueIdentifier>{6113f1b2-aaa1-4ba3-b7e5-cc0b48e24f66}</UniqueIdentifier>
    </Filter>
    <Filter Include="Interfase implementations\FontRender">
      <UniqueIdentifier>{69dbcc35-b617-4620-a555-0d5b9fa9f2aa}</UniqueIdentifier>
    </Filter>
    <Filter Include="Interfase implementations\WallMarkArray">
      <UniqueIdentifier>{ff0b7146-c643-4ff1-8fa4-e934d10423d9}</UniqueIdentifier>
    </Filter>
    <Filter Include="Interfase implementations\StatGraphRender">
      <UniqueIdentifier>{02f7f566-fe88-4768-8f03-c494c6ec9017}</UniqueIdentifier>
    </Filter>
    <Filter Include="Interfase implementations\ThunderboltDescRender">
      <UniqueIdentifier>{71e87449-3e82-4a63-abe5-f9c21f184c39}</UniqueIdentifier>
    </Filter>
    <Filter Include="Interfase implementations\StatsRender">
      <UniqueIdentifier>{b409bfa6-abc7-4a38-b894-6afcaea26f31}</UniqueIdentifier>
    </Filter>
    <Filter Include="Interfase implementations\Debug">
      <UniqueIdentifier>{d4628724-8787-4205-887a-913f1a633373}</UniqueIdentifier>
    </Filter>
    <Filter Include="Interfase implementations\Debug\DebugRender">
      <UniqueIdentifier>{8c6ef900-e440-4735-bd27-46065f7dc372}</UniqueIdentifier>
    </Filter>
    <Filter Include="Interfase implementations\UI">
      <UniqueIdentifier>{ac7f1af6-4789-4bfa-8cbd-410557fb7dcf}</UniqueIdentifier>
    </Filter>
    <Filter Include="Interfase implementations\UI\UIRender">
      <UniqueIdentifier>{85504d31-df93-4ab5-8200-d92b68ede4ad}</UniqueIdentifier>
    </Filter>
    <Filter Include="Interfase implementations\UI\UIShader">
      <UniqueIdentifier>{e7335db8-503d-457f-b840-0c6233514124}</UniqueIdentifier>
    </Filter>
    <Filter Include="Interfase implementations\UI\UISequenceVideoItem">
      <UniqueIdentifier>{ce073822-9d65-46a1-8ff2-818380b22535}</UniqueIdentifier>
    </Filter>
    <Filter Include="Refactored">
      <UniqueIdentifier>{9ca391f4-0bea-4b94-948b-2f69db593d84}</UniqueIdentifier>
    </Filter>
    <Filter Include="Refactored\HW">
      <UniqueIdentifier>{56c83f84-0c08-4705-bba2-2bd3b0d0f932}</UniqueIdentifier>
    </Filter>
    <Filter Include="Refactored\Backend">
      <UniqueIdentifier>{c6e32347-fb9b-4a37-9041-93578d72b901}</UniqueIdentifier>
    </Filter>
    <Filter Include="Refactored\Execution &amp; 3D">
      <UniqueIdentifier>{da447ec2-fd76-4380-9741-9a7c55ffc853}</UniqueIdentifier>
    </Filter>
    <Filter Include="Refactored\Execution &amp; 3D\Shaders">
      <UniqueIdentifier>{9c85b28f-fb33-4a10-8a5c-990dcc8d76d6}</UniqueIdentifier>
    </Filter>
    <Filter Include="Refactored\Execution &amp; 3D\Shaders\Resources">
      <UniqueIdentifier>{f02e07b7-ec40-4b21-b96f-1539f21b4bbd}</UniqueIdentifier>
    </Filter>
    <Filter Include="Refactored\Execution &amp; 3D\Shaders\Resources\dx9_R_shader">
      <UniqueIdentifier>{c48cdf65-9269-41d9-aff6-dd0b1e1de3c2}</UniqueIdentifier>
    </Filter>
    <Filter Include="Refactored\Execution &amp; 3D\Shaders\ShaderManager">
      <UniqueIdentifier>{b9d31ab0-3db0-4909-b3e7-4fc97e338e8c}</UniqueIdentifier>
    </Filter>
    <Filter Include="Refactored\Execution &amp; 3D\Shaders\Blender">
      <UniqueIdentifier>{79bedeea-cdad-41d4-8a49-6f986e43e355}</UniqueIdentifier>
    </Filter>
    <Filter Include="Refactored\Execution &amp; 3D\DebugDraw">
      <UniqueIdentifier>{528e30f1-06e8-4141-aa77-1d20068ec917}</UniqueIdentifier>
    </Filter>
    <Filter Include="Refactored\Execution &amp; 3D\Visuals">
      <UniqueIdentifier>{eb89676b-c4a6-4275-8874-87fdc7fda736}</UniqueIdentifier>
    </Filter>
    <Filter Include="Refactored\Execution &amp; 3D\Visuals\Skeleton">
      <UniqueIdentifier>{dd35c235-cad4-495e-bf08-e735e9ed6e53}</UniqueIdentifier>
    </Filter>
    <Filter Include="Refactored\Execution &amp; 3D\Gamma">
      <UniqueIdentifier>{fb8c3441-dea9-44ce-9630-dd9e526a53b0}</UniqueIdentifier>
    </Filter>
    <Filter Include="Refactored\Interfaces">
      <UniqueIdentifier>{3b9d43b4-b61c-43f3-ae6b-c426e6505fe9}</UniqueIdentifier>
    </Filter>
  </ItemGroup>
  <ItemGroup>
    <ClInclude Include="..\xrRender\cl_intersect.h">
      <Filter>Kernel</Filter>
    </ClInclude>
    <ClInclude Include="stdafx.h">
      <Filter>Kernel</Filter>
    </ClInclude>
    <ClInclude Include="..\xrRender\xrD3DDefs.h">
      <Filter>Kernel</Filter>
    </ClInclude>
    <ClInclude Include="..\xrRender\xrRender_console.h">
      <Filter>Kernel</Filter>
    </ClInclude>
    <ClInclude Include="FStaticRender.h">
      <Filter>Core</Filter>
    </ClInclude>
    <ClInclude Include="FStaticRender_RenderTarget.h">
      <Filter>Core</Filter>
    </ClInclude>
    <ClInclude Include="..\xrRender\PSLibrary.h">
      <Filter>Core</Filter>
    </ClInclude>
    <ClInclude Include="..\xrRender\r__dsgraph_structure.h">
      <Filter>Core</Filter>
    </ClInclude>
    <ClInclude Include="..\xrRender\r__dsgraph_types.h">
      <Filter>Core</Filter>
    </ClInclude>
    <ClInclude Include="..\xrRender\doug_lea_memory_allocator.h">
      <Filter>Core\memory</Filter>
    </ClInclude>
    <ClInclude Include="..\xrRender\DetailFormat.h">
      <Filter>Details</Filter>
    </ClInclude>
    <ClInclude Include="..\xrRender\DetailManager.h">
      <Filter>Details</Filter>
    </ClInclude>
    <ClInclude Include="..\xrRender\DetailModel.h">
      <Filter>Details</Filter>
    </ClInclude>
    <ClInclude Include="..\xrRender\NvTriStrip.h">
      <Filter>Stripifier</Filter>
    </ClInclude>
    <ClInclude Include="..\xrRender\NvTriStripObjects.h">
      <Filter>Stripifier</Filter>
    </ClInclude>
    <ClInclude Include="..\xrRender\VertexCache.h">
      <Filter>Stripifier</Filter>
    </ClInclude>
    <ClInclude Include="..\xrRender\xrStripify.h">
      <Filter>Stripifier</Filter>
    </ClInclude>
    <ClInclude Include="GlowManager.h">
      <Filter>Glows</Filter>
    </ClInclude>
    <ClInclude Include="..\xrRender\WallmarksEngine.h">
      <Filter>Wallmarks</Filter>
    </ClInclude>
    <ClInclude Include="Blender_Blur.h">
      <Filter>Shading templates</Filter>
    </ClInclude>
    <ClInclude Include="..\xrRender\Blender_BmmD.h">
      <Filter>Shading templates</Filter>
    </ClInclude>
    <ClInclude Include="Blender_default_aref.h">
      <Filter>Shading templates</Filter>
    </ClInclude>
    <ClInclude Include="..\xrRender\Blender_detail_still.h">
      <Filter>Shading templates</Filter>
    </ClInclude>
    <ClInclude Include="..\xrRender\Blender_Editor_Selection.h">
      <Filter>Shading templates</Filter>
    </ClInclude>
    <ClInclude Include="..\xrRender\Blender_Editor_Wire.h">
      <Filter>Shading templates</Filter>
    </ClInclude>
    <ClInclude Include="Blender_LaEmB.h">
      <Filter>Shading templates</Filter>
    </ClInclude>
    <ClInclude Include="..\xrRender\Blender_Lm(EbB).h">
      <Filter>Shading templates</Filter>
    </ClInclude>
    <ClInclude Include="Blender_Model.h">
      <Filter>Shading templates</Filter>
    </ClInclude>
    <ClInclude Include="..\xrRender\Blender_Model_EbB.h">
      <Filter>Shading templates</Filter>
    </ClInclude>
    <ClInclude Include="..\xrRender\Blender_Particle.h">
      <Filter>Shading templates</Filter>
    </ClInclude>
    <ClInclude Include="Blender_Screen_GRAY.h">
      <Filter>Shading templates</Filter>
    </ClInclude>
    <ClInclude Include="..\xrRender\Blender_Screen_SET.h">
      <Filter>Shading templates</Filter>
    </ClInclude>
    <ClInclude Include="Blender_Shadow_World.h">
      <Filter>Shading templates</Filter>
    </ClInclude>
    <ClInclude Include="..\xrRender\Blender_tree.h">
      <Filter>Shading templates</Filter>
    </ClInclude>
    <ClInclude Include="Blender_Vertex.h">
      <Filter>Shading templates</Filter>
    </ClInclude>
    <ClInclude Include="Blender_Vertex_aref.h">
      <Filter>Shading templates</Filter>
    </ClInclude>
    <ClInclude Include="BlenderDefault.h">
      <Filter>Shading templates</Filter>
    </ClInclude>
    <ClInclude Include="..\xrRender\ModelPool.h">
      <Filter>Models</Filter>
    </ClInclude>
    <ClInclude Include="..\xrRender\FLOD.h">
      <Filter>Models\Visuals</Filter>
    </ClInclude>
    <ClInclude Include="..\xrRender\FProgressive.h">
      <Filter>Models\Visuals</Filter>
    </ClInclude>
    <ClInclude Include="..\xrRender\FSkinned.h">
      <Filter>Models\Visuals</Filter>
    </ClInclude>
    <ClInclude Include="..\xrRender\FTreeVisual.h">
      <Filter>Models\Visuals</Filter>
    </ClInclude>
    <ClInclude Include="..\xrRender\FVisual.h">
      <Filter>Models\Visuals</Filter>
    </ClInclude>
    <ClInclude Include="..\xrRender\ParticleEffect.h">
      <Filter>Models\Visuals</Filter>
    </ClInclude>
    <ClInclude Include="..\xrRender\ParticleEffectDef.h">
      <Filter>Models\Visuals</Filter>
    </ClInclude>
    <ClInclude Include="..\xrRender\ParticleGroup.h">
      <Filter>Models\Visuals</Filter>
    </ClInclude>
    <ClInclude Include="..\xrRender\r__sector.h">
      <Filter>Visibility\Sector/Portal</Filter>
    </ClInclude>
    <ClInclude Include="..\xrRender\HOM.h">
      <Filter>Visibility\HOM Occlusion</Filter>
    </ClInclude>
    <ClInclude Include="..\xrRender\occRasterizer.h">
      <Filter>Visibility\HOM Occlusion</Filter>
    </ClInclude>
    <ClInclude Include="..\xrRender\light.h">
      <Filter>Lights</Filter>
    </ClInclude>
    <ClInclude Include="..\xrRender\Light_DB.h">
      <Filter>Lights</Filter>
    </ClInclude>
    <ClInclude Include="..\xrRender\Light_Package.h">
      <Filter>Lights</Filter>
    </ClInclude>
    <ClInclude Include="LightPPA.h">
      <Filter>Lights</Filter>
    </ClInclude>
    <ClInclude Include="LightProjector.h">
      <Filter>Lights</Filter>
    </ClInclude>
    <ClInclude Include="LightShadows.h">
      <Filter>Lights</Filter>
    </ClInclude>
    <ClInclude Include="..\xrRender\LightTrack.h">
      <Filter>Lights</Filter>
    </ClInclude>
    <ClInclude Include="..\xrRender\dxRenderFactory.h">
      <Filter>Interfase implementations\RenderFactory</Filter>
    </ClInclude>
    <ClInclude Include="..\..\Include\xrRender\RenderFactory.h">
      <Filter>Interfase implementations\RenderFactory</Filter>
    </ClInclude>
    <ClInclude Include="..\xrRender\dxLensFlareRender.h">
      <Filter>Interfase implementations\LensFlare</Filter>
    </ClInclude>
    <ClInclude Include="..\..\Include\xrRender\LensFlareRender.h">
      <Filter>Interfase implementations\LensFlare</Filter>
    </ClInclude>
    <ClInclude Include="..\..\Include\xrRender\FactoryPtr.h">
      <Filter>Interfase implementations\FactoryPtr</Filter>
    </ClInclude>
    <ClInclude Include="..\..\Include\xrRender\ApplicationRender.h">
      <Filter>Interfase implementations\ApplicationRender</Filter>
    </ClInclude>
    <ClInclude Include="..\xrRender\dxApplicationRender.h">
      <Filter>Interfase implementations\ApplicationRender</Filter>
    </ClInclude>
    <ClInclude Include="..\xrRender\dxRainRender.h">
      <Filter>Interfase implementations\RainRender</Filter>
    </ClInclude>
    <ClInclude Include="..\..\Include\xrRender\RainRender.h">
      <Filter>Interfase implementations\RainRender</Filter>
    </ClInclude>
    <ClInclude Include="..\xrRender\dxThunderboltRender.h">
      <Filter>Interfase implementations\ThunderboltRender</Filter>
    </ClInclude>
    <ClInclude Include="..\..\Include\xrRender\ThunderboltRender.h">
      <Filter>Interfase implementations\ThunderboltRender</Filter>
    </ClInclude>
    <ClInclude Include="..\xrRender\dxEnvironmentRender.h">
      <Filter>Interfase implementations\EnvironmentRender</Filter>
    </ClInclude>
    <ClInclude Include="..\..\Include\xrRender\EnvironmentRender.h">
      <Filter>Interfase implementations\EnvironmentRender</Filter>
    </ClInclude>
    <ClInclude Include="..\xrRender\dxRenderDeviceRender.h">
      <Filter>Interfase implementations\RenderDeviceRender</Filter>
    </ClInclude>
    <ClInclude Include="..\..\Include\xrRender\RenderDeviceRender.h">
      <Filter>Interfase implementations\RenderDeviceRender</Filter>
    </ClInclude>
    <ClInclude Include="..\..\Include\xrRender\ConsoleRender.h">
      <Filter>Interfase implementations\ConsoleRender</Filter>
    </ClInclude>
    <ClInclude Include="..\xrRender\dxConsoleRender.h">
      <Filter>Interfase implementations\ConsoleRender</Filter>
    </ClInclude>
    <ClInclude Include="..\xrRender\dxObjectSpaceRender.h">
      <Filter>Interfase implementations\ObjectSpaceRender</Filter>
    </ClInclude>
    <ClInclude Include="..\..\Include\xrRender\ObjectSpaceRender.h">
      <Filter>Interfase implementations\ObjectSpaceRender</Filter>
    </ClInclude>
    <ClInclude Include="..\xrRender\dxFontRender.h">
      <Filter>Interfase implementations\FontRender</Filter>
    </ClInclude>
    <ClInclude Include="..\..\Include\xrRender\FontRender.h">
      <Filter>Interfase implementations\FontRender</Filter>
    </ClInclude>
    <ClInclude Include="..\xrRender\dxWallMarkArray.h">
      <Filter>Interfase implementations\WallMarkArray</Filter>
    </ClInclude>
    <ClInclude Include="..\..\Include\xrRender\WallMarkArray.h">
      <Filter>Interfase implementations\WallMarkArray</Filter>
    </ClInclude>
    <ClInclude Include="..\xrRender\dxStatGraphRender.h">
      <Filter>Interfase implementations\StatGraphRender</Filter>
    </ClInclude>
    <ClInclude Include="..\..\Include\xrRender\StatGraphRender.h">
      <Filter>Interfase implementations\StatGraphRender</Filter>
    </ClInclude>
    <ClInclude Include="..\xrRender\dxThunderboltDescRender.h">
      <Filter>Interfase implementations\ThunderboltDescRender</Filter>
    </ClInclude>
    <ClInclude Include="..\..\Include\xrRender\ThunderboltDescRender.h">
      <Filter>Interfase implementations\ThunderboltDescRender</Filter>
    </ClInclude>
    <ClInclude Include="..\xrRender\dxStatsRender.h">
      <Filter>Interfase implementations\StatsRender</Filter>
    </ClInclude>
    <ClInclude Include="..\..\Include\xrRender\StatsRender.h">
      <Filter>Interfase implementations\StatsRender</Filter>
    </ClInclude>
    <ClInclude Include="..\..\Include\xrRender\DebugShader.h">
      <Filter>Interfase implementations\Debug</Filter>
    </ClInclude>
    <ClInclude Include="..\..\Include\xrRender\DebugRender.h">
      <Filter>Interfase implementations\Debug\DebugRender</Filter>
    </ClInclude>
    <ClInclude Include="..\xrRender\dxDebugRender.h">
      <Filter>Interfase implementations\Debug\DebugRender</Filter>
    </ClInclude>
    <ClInclude Include="..\xrRender\dxUIRender.h">
      <Filter>Interfase implementations\UI\UIRender</Filter>
    </ClInclude>
    <ClInclude Include="..\..\Include\xrRender\UIRender.h">
      <Filter>Interfase implementations\UI\UIRender</Filter>
    </ClInclude>
    <ClInclude Include="..\xrRender\dxUIShader.h">
      <Filter>Interfase implementations\UI\UIShader</Filter>
    </ClInclude>
    <ClInclude Include="..\..\Include\xrRender\UIShader.h">
      <Filter>Interfase implementations\UI\UIShader</Filter>
    </ClInclude>
    <ClInclude Include="..\xrRender\dxUISequenceVideoItem.h">
      <Filter>Interfase implementations\UI\UISequenceVideoItem</Filter>
    </ClInclude>
    <ClInclude Include="..\..\Include\xrRender\UISequenceVideoItem.h">
      <Filter>Interfase implementations\UI\UISequenceVideoItem</Filter>
    </ClInclude>
    <ClInclude Include="..\xrRender\HW.h">
      <Filter>Refactored\HW</Filter>
    </ClInclude>
    <ClInclude Include="..\xrRender\HWCaps.h">
      <Filter>Refactored\HW</Filter>
    </ClInclude>
    <ClInclude Include="..\xrRenderDX9\dx9R_Backend_Runtime.h">
      <Filter>Refactored\Backend</Filter>
    </ClInclude>
    <ClInclude Include="..\xrRender\FVF.h">
      <Filter>Refactored\Backend</Filter>
    </ClInclude>
    <ClInclude Include="..\xrRender\R_Backend.h">
      <Filter>Refactored\Backend</Filter>
    </ClInclude>
    <ClInclude Include="..\xrRender\R_Backend_hemi.h">
      <Filter>Refactored\Backend</Filter>
    </ClInclude>
    <ClInclude Include="..\xrRender\R_Backend_Runtime.h">
      <Filter>Refactored\Backend</Filter>
    </ClInclude>
    <ClInclude Include="..\xrRender\R_Backend_tree.h">
      <Filter>Refactored\Backend</Filter>
    </ClInclude>
    <ClInclude Include="..\xrRender\R_Backend_xform.h">
      <Filter>Refactored\Backend</Filter>
    </ClInclude>
    <ClInclude Include="..\xrRender\R_DStreams.h">
      <Filter>Refactored\Backend</Filter>
    </ClInclude>
    <ClInclude Include="..\xrRender\r_constants.h">
      <Filter>Refactored\Execution &amp; 3D\Shaders\Resources</Filter>
    </ClInclude>
    <ClInclude Include="..\xrRender\SH_Atomic.h">
      <Filter>Refactored\Execution &amp; 3D\Shaders\Resources</Filter>
    </ClInclude>
    <ClInclude Include="..\xrRender\SH_Constant.h">
      <Filter>Refactored\Execution &amp; 3D\Shaders\Resources</Filter>
    </ClInclude>
    <ClInclude Include="..\xrRender\SH_Matrix.h">
      <Filter>Refactored\Execution &amp; 3D\Shaders\Resources</Filter>
    </ClInclude>
    <ClInclude Include="..\xrRender\SH_RT.h">
      <Filter>Refactored\Execution &amp; 3D\Shaders\Resources</Filter>
    </ClInclude>
    <ClInclude Include="..\xrRender\SH_Texture.h">
      <Filter>Refactored\Execution &amp; 3D\Shaders\Resources</Filter>
    </ClInclude>
    <ClInclude Include="..\xrRender\Shader.h">
      <Filter>Refactored\Execution &amp; 3D\Shaders\Resources</Filter>
    </ClInclude>
    <ClInclude Include="..\xrRenderDX9\dx9r_constants_cache.h">
      <Filter>Refactored\Execution &amp; 3D\Shaders\Resources\dx9_R_shader</Filter>
    </ClInclude>
    <ClInclude Include="..\xrRender\r_constants_cache.h">
      <Filter>Refactored\Execution &amp; 3D\Shaders\Resources\dx9_R_shader</Filter>
    </ClInclude>
    <ClInclude Include="..\xrRender\ETextureParams.h">
      <Filter>Refactored\Execution &amp; 3D\Shaders\ShaderManager</Filter>
    </ClInclude>
    <ClInclude Include="..\xrRender\ResourceManager.h">
      <Filter>Refactored\Execution &amp; 3D\Shaders\ShaderManager</Filter>
    </ClInclude>
    <ClInclude Include="..\xrRender\TextureDescrManager.h">
      <Filter>Refactored\Execution &amp; 3D\Shaders\ShaderManager</Filter>
    </ClInclude>
    <ClInclude Include="..\xrRender\blenders\Blender.h">
      <Filter>Refactored\Execution &amp; 3D\Shaders\Blender</Filter>
    </ClInclude>
    <ClInclude Include="..\xrRender\blenders\Blender_CLSID.h">
      <Filter>Refactored\Execution &amp; 3D\Shaders\Blender</Filter>
    </ClInclude>
    <ClInclude Include="..\xrRender\blenders\Blender_Recorder.h">
      <Filter>Refactored\Execution &amp; 3D\Shaders\Blender</Filter>
    </ClInclude>
    <ClInclude Include="..\xrRender\tss.h">
      <Filter>Refactored\Execution &amp; 3D\Shaders\Blender</Filter>
    </ClInclude>
    <ClInclude Include="..\xrRender\tss_def.h">
      <Filter>Refactored\Execution &amp; 3D\Shaders\Blender</Filter>
    </ClInclude>
    <ClInclude Include="..\xrRender\D3DUtils.h">
      <Filter>Refactored\Execution &amp; 3D\DebugDraw</Filter>
    </ClInclude>
    <ClInclude Include="..\..\Include\xrRender\DrawUtils.h">
      <Filter>Refactored\Execution &amp; 3D\DebugDraw</Filter>
    </ClInclude>
    <ClInclude Include="..\xrRender\du_box.h">
      <Filter>Refactored\Execution &amp; 3D\DebugDraw</Filter>
    </ClInclude>
    <ClInclude Include="..\xrRender\du_cone.h">
      <Filter>Refactored\Execution &amp; 3D\DebugDraw</Filter>
    </ClInclude>
    <ClInclude Include="..\xrRender\du_cylinder.h">
      <Filter>Refactored\Execution &amp; 3D\DebugDraw</Filter>
    </ClInclude>
    <ClInclude Include="..\xrRender\du_sphere.h">
      <Filter>Refactored\Execution &amp; 3D\DebugDraw</Filter>
    </ClInclude>
    <ClInclude Include="..\xrRender\du_sphere_part.h">
      <Filter>Refactored\Execution &amp; 3D\DebugDraw</Filter>
    </ClInclude>
    <ClInclude Include="..\xrRender\dxParticleCustom.h">
      <Filter>Refactored\Execution &amp; 3D\Visuals</Filter>
    </ClInclude>
    <ClInclude Include="..\xrRender\FBasicVisual.h">
      <Filter>Refactored\Execution &amp; 3D\Visuals</Filter>
    </ClInclude>
    <ClInclude Include="..\xrRender\FHierrarhyVisual.h">
      <Filter>Refactored\Execution &amp; 3D\Visuals</Filter>
    </ClInclude>
    <ClInclude Include="..\..\Include\xrRender\ParticleCustom.h">
      <Filter>Refactored\Execution &amp; 3D\Visuals</Filter>
    </ClInclude>
    <ClInclude Include="..\..\Include\xrRender\RenderVisual.h">
      <Filter>Refactored\Execution &amp; 3D\Visuals</Filter>
    </ClInclude>
    <ClInclude Include="..\xrRender\Animation.h">
      <Filter>Refactored\Execution &amp; 3D\Visuals\Skeleton</Filter>
    </ClInclude>
    <ClInclude Include="..\..\Include\xrRender\animation_blend.h">
      <Filter>Refactored\Execution &amp; 3D\Visuals\Skeleton</Filter>
    </ClInclude>
    <ClInclude Include="..\..\Include\xrRender\animation_motion.h">
      <Filter>Refactored\Execution &amp; 3D\Visuals\Skeleton</Filter>
    </ClInclude>
    <ClInclude Include="..\xrRender\AnimationKeyCalculate.h">
      <Filter>Refactored\Execution &amp; 3D\Visuals\Skeleton</Filter>
    </ClInclude>
    <ClInclude Include="..\xrRender\KinematicAnimatedDefs.h">
      <Filter>Refactored\Execution &amp; 3D\Visuals\Skeleton</Filter>
    </ClInclude>
    <ClInclude Include="..\..\Include\xrRender\Kinematics.h">
      <Filter>Refactored\Execution &amp; 3D\Visuals\Skeleton</Filter>
    </ClInclude>
    <ClInclude Include="..\..\Include\xrRender\KinematicsAnimated.h">
      <Filter>Refactored\Execution &amp; 3D\Visuals\Skeleton</Filter>
    </ClInclude>
    <ClInclude Include="..\xrRender\SkeletonAnimated.h">
      <Filter>Refactored\Execution &amp; 3D\Visuals\Skeleton</Filter>
    </ClInclude>
    <ClInclude Include="..\xrRender\SkeletonCustom.h">
      <Filter>Refactored\Execution &amp; 3D\Visuals\Skeleton</Filter>
    </ClInclude>
    <ClInclude Include="..\xrRender\SkeletonX.h">
      <Filter>Refactored\Execution &amp; 3D\Visuals\Skeleton</Filter>
    </ClInclude>
    <ClInclude Include="..\xrRender\SkeletonXVertRender.h">
      <Filter>Refactored\Execution &amp; 3D\Visuals\Skeleton</Filter>
    </ClInclude>
    <ClInclude Include="..\xrRender\xr_effgamma.h">
      <Filter>Refactored\Execution &amp; 3D\Gamma</Filter>
    </ClInclude>
    <ClInclude Include="..\xrRender\IRenderDetailModel.h">
      <Filter>Refactored\Interfaces</Filter>
    </ClInclude>
    <ClInclude Include="..\..\Include\xrRender\RenderDetailModel.h">
      <Filter>Refactored\Interfaces</Filter>
    </ClInclude>
  </ItemGroup>
  <ItemGroup>
    <ClCompile Include="stdafx.cpp">
      <Filter>Kernel</Filter>
    </ClCompile>
    <ClCompile Include="..\xrRender\xrRender_console.cpp">
      <Filter>Kernel</Filter>
    </ClCompile>
    <ClCompile Include="xrRender_R1.cpp">
      <Filter>Kernel</Filter>
    </ClCompile>
    <ClCompile Include="FStaticRender.cpp">
      <Filter>Core</Filter>
    </ClCompile>
    <ClCompile Include="FStaticRender_Blenders.cpp">
      <Filter>Core</Filter>
    </ClCompile>
    <ClCompile Include="FStaticRender_DetectSector.cpp">
      <Filter>Core</Filter>
    </ClCompile>
    <ClCompile Include="FStaticRender_Loader.cpp">
      <Filter>Core</Filter>
    </ClCompile>
    <ClCompile Include="FStaticRender_RenderTarget.cpp">
      <Filter>Core</Filter>
    </ClCompile>
    <ClCompile Include="..\xrRender\PSLibrary.cpp">
      <Filter>Core</Filter>
    </ClCompile>
    <ClCompile Include="..\xrRender\r__dsgraph_build.cpp">
      <Filter>Core</Filter>
    </ClCompile>
    <ClCompile Include="..\xrRender\r__dsgraph_render.cpp">
      <Filter>Core</Filter>
    </ClCompile>
    <ClCompile Include="..\xrRender\r__dsgraph_render_lods.cpp">
      <Filter>Core</Filter>
    </ClCompile>
    <ClCompile Include="..\xrRender\r__screenshot.cpp">
      <Filter>Core</Filter>
    </ClCompile>
    <ClCompile Include="..\xrRender\Texture.cpp">
      <Filter>Core</Filter>
    </ClCompile>
    <ClCompile Include="..\xrRender\tga.cpp">
      <Filter>Core</Filter>
    </ClCompile>
    <ClCompile Include="..\xrRender\doug_lea_memory_allocator.c">
      <Filter>Core\memory</Filter>
    </ClCompile>
    <ClCompile Include="..\xrRender\DetailManager.cpp">
      <Filter>Details</Filter>
    </ClCompile>
    <ClCompile Include="..\xrRender\DetailManager_CACHE.cpp">
      <Filter>Details</Filter>
    </ClCompile>
    <ClCompile Include="..\xrRender\DetailManager_Decompress.cpp">
      <Filter>Details</Filter>
    </ClCompile>
    <ClCompile Include="..\xrRender\DetailManager_soft.cpp">
      <Filter>Details</Filter>
    </ClCompile>
    <ClCompile Include="..\xrRender\DetailManager_VS.cpp">
      <Filter>Details</Filter>
    </ClCompile>
    <ClCompile Include="..\xrRender\DetailModel.cpp">
      <Filter>Details</Filter>
    </ClCompile>
    <ClCompile Include="..\xrRender\NvTriStrip.cpp">
      <Filter>Stripifier</Filter>
    </ClCompile>
    <ClCompile Include="..\xrRender\NvTriStripObjects.cpp">
      <Filter>Stripifier</Filter>
    </ClCompile>
    <ClCompile Include="..\xrRender\VertexCache.cpp">
      <Filter>Stripifier</Filter>
    </ClCompile>
    <ClCompile Include="..\xrRender\xrStripify.cpp">
      <Filter>Stripifier</Filter>
    </ClCompile>
    <ClCompile Include="GlowManager.cpp">
      <Filter>Glows</Filter>
    </ClCompile>
    <ClCompile Include="..\xrRender\WallmarksEngine.cpp">
      <Filter>Wallmarks</Filter>
    </ClCompile>
    <ClCompile Include="Blender_Blur.cpp">
      <Filter>Shading templates</Filter>
    </ClCompile>
    <ClCompile Include="..\xrRender\Blender_BmmD.cpp">
      <Filter>Shading templates</Filter>
    </ClCompile>
    <ClCompile Include="Blender_default_aref.cpp">
      <Filter>Shading templates</Filter>
    </ClCompile>
    <ClCompile Include="..\xrRender\Blender_detail_still.cpp">
      <Filter>Shading templates</Filter>
    </ClCompile>
    <ClCompile Include="..\xrRender\Blender_Editor_Selection.cpp">
      <Filter>Shading templates</Filter>
    </ClCompile>
    <ClCompile Include="..\xrRender\Blender_Editor_Wire.cpp">
      <Filter>Shading templates</Filter>
    </ClCompile>
    <ClCompile Include="Blender_LaEmB.cpp">
      <Filter>Shading templates</Filter>
    </ClCompile>
    <ClCompile Include="..\xrRender\Blender_Lm(EbB).cpp">
      <Filter>Shading templates</Filter>
    </ClCompile>
    <ClCompile Include="Blender_Model.cpp">
      <Filter>Shading templates</Filter>
    </ClCompile>
    <ClCompile Include="..\xrRender\Blender_Model_EbB.cpp">
      <Filter>Shading templates</Filter>
    </ClCompile>
    <ClCompile Include="..\xrRender\Blender_Particle.cpp">
      <Filter>Shading templates</Filter>
    </ClCompile>
    <ClCompile Include="Blender_Screen_GRAY.cpp">
      <Filter>Shading templates</Filter>
    </ClCompile>
    <ClCompile Include="..\xrRender\Blender_Screen_SET.cpp">
      <Filter>Shading templates</Filter>
    </ClCompile>
    <ClCompile Include="Blender_Shadow_World.cpp">
      <Filter>Shading templates</Filter>
    </ClCompile>
    <ClCompile Include="..\xrRender\Blender_tree.cpp">
      <Filter>Shading templates</Filter>
    </ClCompile>
    <ClCompile Include="Blender_Vertex.cpp">
      <Filter>Shading templates</Filter>
    </ClCompile>
    <ClCompile Include="Blender_Vertex_aref.cpp">
      <Filter>Shading templates</Filter>
    </ClCompile>
    <ClCompile Include="BlenderDefault.cpp">
      <Filter>Shading templates</Filter>
    </ClCompile>
    <ClCompile Include="..\xrRender\ModelPool.cpp">
      <Filter>Models</Filter>
    </ClCompile>
    <ClCompile Include="..\xrRender\FLOD.cpp">
      <Filter>Models\Visuals</Filter>
    </ClCompile>
    <ClCompile Include="..\xrRender\FProgressive.cpp">
      <Filter>Models\Visuals</Filter>
    </ClCompile>
    <ClCompile Include="..\xrRender\FSkinned.cpp">
      <Filter>Models\Visuals</Filter>
    </ClCompile>
    <ClCompile Include="..\xrRender\FTreeVisual.cpp">
      <Filter>Models\Visuals</Filter>
    </ClCompile>
    <ClCompile Include="..\xrRender\FVisual.cpp">
      <Filter>Models\Visuals</Filter>
    </ClCompile>
    <ClCompile Include="..\xrRender\ParticleEffect.cpp">
      <Filter>Models\Visuals</Filter>
    </ClCompile>
    <ClCompile Include="..\xrRender\ParticleEffectDef.cpp">
      <Filter>Models\Visuals</Filter>
    </ClCompile>
    <ClCompile Include="..\xrRender\ParticleGroup.cpp">
      <Filter>Models\Visuals</Filter>
    </ClCompile>
    <ClCompile Include="..\xrRender\r__sector.cpp">
      <Filter>Visibility\Sector/Portal</Filter>
    </ClCompile>
    <ClCompile Include="..\xrRender\r__sector_traversal.cpp">
      <Filter>Visibility\Sector/Portal</Filter>
    </ClCompile>
    <ClCompile Include="..\xrRender\HOM.cpp">
      <Filter>Visibility\HOM Occlusion</Filter>
    </ClCompile>
    <ClCompile Include="..\xrRender\occRasterizer.cpp">
      <Filter>Visibility\HOM Occlusion</Filter>
    </ClCompile>
    <ClCompile Include="..\xrRender\occRasterizer_core.cpp">
      <Filter>Visibility\HOM Occlusion</Filter>
    </ClCompile>
    <ClCompile Include="..\xrRender\light.cpp">
      <Filter>Lights</Filter>
    </ClCompile>
    <ClCompile Include="..\xrRender\Light_DB.cpp">
      <Filter>Lights</Filter>
    </ClCompile>
    <ClCompile Include="..\xrRender\Light_Package.cpp">
      <Filter>Lights</Filter>
    </ClCompile>
    <ClCompile Include="LightPPA.cpp">
      <Filter>Lights</Filter>
    </ClCompile>
    <ClCompile Include="LightProjector.cpp">
      <Filter>Lights</Filter>
    </ClCompile>
    <ClCompile Include="LightShadows.cpp">
      <Filter>Lights</Filter>
    </ClCompile>
    <ClCompile Include="..\xrRender\LightTrack.cpp">
      <Filter>Lights</Filter>
    </ClCompile>
    <ClCompile Include="..\xrRender\dxRenderFactory.cpp">
      <Filter>Interfase implementations\RenderFactory</Filter>
    </ClCompile>
    <ClCompile Include="..\xrRender\dxLensFlareRender.cpp">
      <Filter>Interfase implementations\LensFlare</Filter>
    </ClCompile>
    <ClCompile Include="..\xrRender\dxApplicationRender.cpp">
      <Filter>Interfase implementations\ApplicationRender</Filter>
    </ClCompile>
    <ClCompile Include="..\xrRender\dxRainRender.cpp">
      <Filter>Interfase implementations\RainRender</Filter>
    </ClCompile>
    <ClCompile Include="..\xrRender\dxThunderboltRender.cpp">
      <Filter>Interfase implementations\ThunderboltRender</Filter>
    </ClCompile>
    <ClCompile Include="..\xrRender\dxEnvironmentRender.cpp">
      <Filter>Interfase implementations\EnvironmentRender</Filter>
    </ClCompile>
    <ClCompile Include="..\xrRender\dxRenderDeviceRender.cpp">
      <Filter>Interfase implementations\RenderDeviceRender</Filter>
    </ClCompile>
    <ClCompile Include="..\xrRender\dxConsoleRender.cpp">
      <Filter>Interfase implementations\ConsoleRender</Filter>
    </ClCompile>
    <ClCompile Include="..\xrRender\dxObjectSpaceRender.cpp">
      <Filter>Interfase implementations\ObjectSpaceRender</Filter>
    </ClCompile>
    <ClCompile Include="..\xrRender\dxFontRender.cpp">
      <Filter>Interfase implementations\FontRender</Filter>
    </ClCompile>
    <ClCompile Include="..\xrRender\dxWallMarkArray.cpp">
      <Filter>Interfase implementations\WallMarkArray</Filter>
    </ClCompile>
    <ClCompile Include="..\xrRender\dxStatGraphRender.cpp">
      <Filter>Interfase implementations\StatGraphRender</Filter>
    </ClCompile>
    <ClCompile Include="..\xrRender\dxThunderboltDescRender.cpp">
      <Filter>Interfase implementations\ThunderboltDescRender</Filter>
    </ClCompile>
    <ClCompile Include="..\xrRender\dxStatsRender.cpp">
      <Filter>Interfase implementations\StatsRender</Filter>
    </ClCompile>
    <ClCompile Include="..\xrRender\dxDebugRender.cpp">
      <Filter>Interfase implementations\Debug\DebugRender</Filter>
    </ClCompile>
    <ClCompile Include="..\xrRender\dxUIRender.cpp">
      <Filter>Interfase implementations\UI\UIRender</Filter>
    </ClCompile>
    <ClCompile Include="..\xrRender\dxUIShader.cpp">
      <Filter>Interfase implementations\UI\UIShader</Filter>
    </ClCompile>
    <ClCompile Include="..\xrRender\dxUISequenceVideoItem.cpp">
      <Filter>Interfase implementations\UI\UISequenceVideoItem</Filter>
    </ClCompile>
    <ClCompile Include="..\xrRender\HW.cpp">
      <Filter>Refactored\HW</Filter>
    </ClCompile>
    <ClCompile Include="..\xrRender\HWCaps.cpp">
      <Filter>Refactored\HW</Filter>
    </ClCompile>
    <ClCompile Include="..\xrRender\R_Backend.cpp">
      <Filter>Refactored\Backend</Filter>
    </ClCompile>
    <ClCompile Include="..\xrRender\R_Backend_DBG.cpp">
      <Filter>Refactored\Backend</Filter>
    </ClCompile>
    <ClCompile Include="..\xrRender\R_Backend_hemi.cpp">
      <Filter>Refactored\Backend</Filter>
    </ClCompile>
    <ClCompile Include="..\xrRender\R_Backend_Runtime.cpp">
      <Filter>Refactored\Backend</Filter>
    </ClCompile>
    <ClCompile Include="..\xrRender\R_Backend_tree.cpp">
      <Filter>Refactored\Backend</Filter>
    </ClCompile>
    <ClCompile Include="..\xrRender\R_Backend_xform.cpp">
      <Filter>Refactored\Backend</Filter>
    </ClCompile>
    <ClCompile Include="..\xrRender\R_DStreams.cpp">
      <Filter>Refactored\Backend</Filter>
    </ClCompile>
    <ClCompile Include="..\xrRender\r_constants.cpp">
      <Filter>Refactored\Execution &amp; 3D\Shaders\Resources</Filter>
    </ClCompile>
    <ClCompile Include="..\xrRender\SH_Atomic.cpp">
      <Filter>Refactored\Execution &amp; 3D\Shaders\Resources</Filter>
    </ClCompile>
    <ClCompile Include="..\xrRender\SH_Constant.cpp">
      <Filter>Refactored\Execution &amp; 3D\Shaders\Resources</Filter>
    </ClCompile>
    <ClCompile Include="..\xrRender\SH_Matrix.cpp">
      <Filter>Refactored\Execution &amp; 3D\Shaders\Resources</Filter>
    </ClCompile>
    <ClCompile Include="..\xrRender\SH_RT.cpp">
      <Filter>Refactored\Execution &amp; 3D\Shaders\Resources</Filter>
    </ClCompile>
    <ClCompile Include="..\xrRender\SH_Texture.cpp">
      <Filter>Refactored\Execution &amp; 3D\Shaders\Resources</Filter>
    </ClCompile>
    <ClCompile Include="..\xrRender\Shader.cpp">
      <Filter>Refactored\Execution &amp; 3D\Shaders\Resources</Filter>
    </ClCompile>
    <ClCompile Include="..\xrRenderDX9\dx9r_constants_cache.cpp">
      <Filter>Refactored\Execution &amp; 3D\Shaders\Resources\dx9_R_shader</Filter>
    </ClCompile>
    <ClCompile Include="..\..\xrEngine\ai_script_lua_debug.cpp">
      <Filter>Refactored\Execution &amp; 3D\Shaders\ShaderManager</Filter>
    </ClCompile>
    <ClCompile Include="..\..\xrEngine\ai_script_lua_extension.cpp">
      <Filter>Refactored\Execution &amp; 3D\Shaders\ShaderManager</Filter>
    </ClCompile>
    <ClCompile Include="..\xrRender\ETextureParams.cpp">
      <Filter>Refactored\Execution &amp; 3D\Shaders\ShaderManager</Filter>
    </ClCompile>
    <ClCompile Include="..\xrRender\ResourceManager.cpp">
      <Filter>Refactored\Execution &amp; 3D\Shaders\ShaderManager</Filter>
    </ClCompile>
    <ClCompile Include="..\xrRender\ResourceManager_Loader.cpp">
      <Filter>Refactored\Execution &amp; 3D\Shaders\ShaderManager</Filter>
    </ClCompile>
    <ClCompile Include="..\xrRender\ResourceManager_Reset.cpp">
      <Filter>Refactored\Execution &amp; 3D\Shaders\ShaderManager</Filter>
    </ClCompile>
    <ClCompile Include="..\xrRender\ResourceManager_Resources.cpp">
      <Filter>Refactored\Execution &amp; 3D\Shaders\ShaderManager</Filter>
    </ClCompile>
    <ClCompile Include="..\xrRender\ResourceManager_Scripting.cpp">
      <Filter>Refactored\Execution &amp; 3D\Shaders\ShaderManager</Filter>
    </ClCompile>
    <ClCompile Include="..\xrRender\TextureDescrManager.cpp">
      <Filter>Refactored\Execution &amp; 3D\Shaders\ShaderManager</Filter>
    </ClCompile>
    <ClCompile Include="..\xrRender\blenders\Blender.cpp">
      <Filter>Refactored\Execution &amp; 3D\Shaders\Blender</Filter>
    </ClCompile>
    <ClCompile Include="..\xrRender\blenders\Blender_Palette.cpp">
      <Filter>Refactored\Execution &amp; 3D\Shaders\Blender</Filter>
    </ClCompile>
    <ClCompile Include="..\xrRender\blenders\Blender_Recorder.cpp">
      <Filter>Refactored\Execution &amp; 3D\Shaders\Blender</Filter>
    </ClCompile>
    <ClCompile Include="..\xrRender\Blender_Recorder_R2.cpp">
      <Filter>Refactored\Execution &amp; 3D\Shaders\Blender</Filter>
    </ClCompile>
    <ClCompile Include="..\xrRender\Blender_Recorder_StandartBinding.cpp">
      <Filter>Refactored\Execution &amp; 3D\Shaders\Blender</Filter>
    </ClCompile>
    <ClCompile Include="..\xrRender\tss_def.cpp">
      <Filter>Refactored\Execution &amp; 3D\Shaders\Blender</Filter>
    </ClCompile>
    <ClCompile Include="..\xrRender\D3DUtils.cpp">
      <Filter>Refactored\Execution &amp; 3D\DebugDraw</Filter>
    </ClCompile>
    <ClCompile Include="..\xrRender\du_box.cpp">
      <Filter>Refactored\Execution &amp; 3D\DebugDraw</Filter>
    </ClCompile>
    <ClCompile Include="..\xrRender\du_cone.cpp">
      <Filter>Refactored\Execution &amp; 3D\DebugDraw</Filter>
    </ClCompile>
    <ClCompile Include="..\xrRender\du_cylinder.cpp">
      <Filter>Refactored\Execution &amp; 3D\DebugDraw</Filter>
    </ClCompile>
    <ClCompile Include="..\xrRender\du_sphere.cpp">
      <Filter>Refactored\Execution &amp; 3D\DebugDraw</Filter>
    </ClCompile>
    <ClCompile Include="..\xrRender\du_sphere_part.cpp">
      <Filter>Refactored\Execution &amp; 3D\DebugDraw</Filter>
    </ClCompile>
    <ClCompile Include="..\xrRender\dxParticleCustom.cpp">
      <Filter>Refactored\Execution &amp; 3D\Visuals</Filter>
    </ClCompile>
    <ClCompile Include="..\xrRender\FBasicVisual.cpp">
      <Filter>Refactored\Execution &amp; 3D\Visuals</Filter>
    </ClCompile>
    <ClCompile Include="..\xrRender\FHierrarhyVisual.cpp">
      <Filter>Refactored\Execution &amp; 3D\Visuals</Filter>
    </ClCompile>
    <ClCompile Include="..\xrRender\Animation.cpp">
      <Filter>Refactored\Execution &amp; 3D\Visuals\Skeleton</Filter>
    </ClCompile>
    <ClCompile Include="..\xrRender\SkeletonAnimated.cpp">
      <Filter>Refactored\Execution &amp; 3D\Visuals\Skeleton</Filter>
    </ClCompile>
    <ClCompile Include="..\xrRender\SkeletonCustom.cpp">
      <Filter>Refactored\Execution &amp; 3D\Visuals\Skeleton</Filter>
    </ClCompile>
    <ClCompile Include="..\xrRender\SkeletonRigid.cpp">
      <Filter>Refactored\Execution &amp; 3D\Visuals\Skeleton</Filter>
    </ClCompile>
    <ClCompile Include="..\xrRender\SkeletonX.cpp">
      <Filter>Refactored\Execution &amp; 3D\Visuals\Skeleton</Filter>
    </ClCompile>
    <ClCompile Include="..\xrRender\xr_effgamma.cpp">
      <Filter>Refactored\Execution &amp; 3D\Gamma</Filter>
    </ClCompile>
  </ItemGroup>
  <ItemGroup>
    <Text Include="Pipeline.txt" />
  </ItemGroup>
</Project>